<?xml version="1.0" encoding="utf-8"?>
<Project ToolsVersion="4.0" xmlns="http://schemas.microsoft.com/developer/msbuild/2003">
  <ItemGroup>
    <Filter Include="Source Files">
      <UniqueIdentifier>{4FC737F1-C7A5-4376-A066-2A32D752A2FF}</UniqueIdentifier>
      <Extensions>cpp;c;cc;cxx;c++;cppm;ixx;def;odl;idl;hpj;bat;asm;asmx</Extensions>
    </Filter>
    <Filter Include="Header Files">
      <UniqueIdentifier>{93995380-89BD-4b04-88EB-625FBE52EBFB}</UniqueIdentifier>
      <Extensions>h;hh;hpp;hxx;h++;hm;inl;inc;ipp;xsd</Extensions>
    </Filter>
    <Filter Include="Resource Files">
      <UniqueIdentifier>{67DA6AB6-F800-4c08-8B7A-83BB121AAD01}</UniqueIdentifier>
      <Extensions>rc;ico;cur;bmp;dlg;rc2;rct;bin;rgs;gif;jpg;jpeg;jpe;resx;tiff;tif;png;wav;mfcribbon-ms</Extensions>
    </Filter>
  </ItemGroup>
  <ItemGroup>
    <ClCompile Include="WOGLE.cpp">
      <Filter>Source Files</Filter>
    </ClCompile>
    <ClCompile Include="modules\Collisions\BSP\source\BSPT.cpp">
      <Filter>Source Files</Filter>
    </ClCompile>
    <ClCompile Include="modules\Collisions\BSP\source\BSPTNode.cpp">
      <Filter>Source Files</Filter>
    </ClCompile>
    <ClCompile Include="modules\GLStructure\source\VAO.cpp">
      <Filter>Source Files</Filter>
    </ClCompile>
    <ClCompile Include="modules\GLStructure\source\Camera.cpp">
      <Filter>Source Files</Filter>
    </ClCompile>
    <ClCompile Include="modules\GLStructure\source\Shader.cpp">
      <Filter>Source Files</Filter>
    </ClCompile>
    <ClCompile Include="modules\GLStructure\source\Texture.cpp">
      <Filter>Source Files</Filter>
    </ClCompile>
    <ClCompile Include="modules\Geometry\source\Circle.cpp">
      <Filter>Source Files</Filter>
    </ClCompile>
    <ClCompile Include="modules\Geometry\source\Plane.cpp">
      <Filter>Source Files</Filter>
    </ClCompile>
    <ClCompile Include="modules\Game\source\Particle.cpp">
      <Filter>Source Files</Filter>
    </ClCompile>
    <ClCompile Include="modules\Game\source\Wall.cpp">
      <Filter>Source Files</Filter>
    </ClCompile>
    <ClCompile Include="..\..\..\OpenGL\glad\src\glad.c">
      <Filter>Source Files</Filter>
    </ClCompile>
    <ClCompile Include="modules\GLStructure\source\KeyTracker.cpp">
      <Filter>Source Files</Filter>
    </ClCompile>
  </ItemGroup>
  <ItemGroup>
    <ClInclude Include="modules\Collisions\BSP\includes\BSPT.h">
      <Filter>Header Files</Filter>
    </ClInclude>
    <ClInclude Include="modules\Collisions\BSP\includes\BSPTNode.h">
      <Filter>Header Files</Filter>
    </ClInclude>
    <ClInclude Include="modules\GLStructure\includes\VAO.h">
      <Filter>Header Files</Filter>
    </ClInclude>
    <ClInclude Include="modules\GLStructure\includes\Camera.h">
      <Filter>Header Files</Filter>
    </ClInclude>
    <ClInclude Include="modules\GLStructure\includes\Shader.h">
      <Filter>Header Files</Filter>
    </ClInclude>
    <ClInclude Include="modules\GLStructure\includes\Texture.h">
      <Filter>Header Files</Filter>
    </ClInclude>
    <ClInclude Include="CONSTANTS.h">
      <Filter>Header Files</Filter>
    </ClInclude>
    <ClInclude Include="modules\Geometry\includes\Circle.h">
      <Filter>Header Files</Filter>
    </ClInclude>
    <ClInclude Include="modules\Geometry\includes\Plane.h">
      <Filter>Header Files</Filter>
    </ClInclude>
    <ClInclude Include="modules\Game\includes\Particle.h">
      <Filter>Header Files</Filter>
    </ClInclude>
    <ClInclude Include="modules\Game\includes\Wall.h">
      <Filter>Header Files</Filter>
    </ClInclude>
    <ClInclude Include="modules\GLStructure\includes\KeyTracker.h">
      <Filter>Header Files</Filter>
    </ClInclude>
  </ItemGroup>
  <ItemGroup>
    <None Include="resources\shaders\originalFragmentShader.glsl">
      <Filter>Resource Files</Filter>
    </None>
    <None Include="resources\shaders\originalVertexShader.glsl">
      <Filter>Resource Files</Filter>
    </None>
  </ItemGroup>
  <ItemGroup>
    <Image Include="resources\media\image\floorTexture.jpg">
      <Filter>Resource Files</Filter>
    </Image>
    <Image Include="resources\media\image\testingTexture.jpg">
      <Filter>Resource Files</Filter>
    </Image>
    <Image Include="resources\media\image\texture.jpg">
      <Filter>Resource Files</Filter>
    </Image>
    <Image Include="resources\media\image\unit testing texture.png">
      <Filter>Resource Files</Filter>
    </Image>
    <Image Include="resources\media\image\crateTexture.jpg">
      <Filter>Resource Files</Filter>
    </Image>
    <Image Include="resources\media\image\unitTestingTexture.png">
      <Filter>Resource Files</Filter>
    </Image>
    <Image Include="resources\media\image\brickWallTexture.jpg">
      <Filter>Resource Files</Filter>
    </Image>
  </ItemGroup>
</Project>